{
  "name": "Full-stuck",
  "lockfileVersion": 3,
  "requires": true,
  "packages": {
    "": {
      "dependencies": {
        "lucide-react": "^0.503.0"
      },
      "devDependencies": {
        "daisyui": "^5.0.27",
        "tailwindcss": "^4.1.4"
      }
    },
    "node_modules/daisyui": {
      "version": "5.0.27",
      "resolved": "https://registry.npmjs.org/daisyui/-/daisyui-5.0.27.tgz",
      "integrity": "sha512-XrpqgfpGaZJvTPg9pS9Rq6xbYpmMnR0a7AKqyVPZceJzjAs5HH3rfkRkiuGin0+KC2Adnu+WLHU7UDxAtCMyAw==",
      "dev": true,
      "license": "MIT",
      "funding": {
        "url": "https://github.com/saadeghi/daisyui?sponsor=1"
      }
    },
    "node_modules/lucide-react": {
      "version": "0.503.0",
      "resolved": "https://registry.npmjs.org/lucide-react/-/lucide-react-0.503.0.tgz",
      "integrity": "sha512-HGGkdlPWQ0vTF8jJ5TdIqhQXZi6uh3LnNgfZ8MHiuxFfX3RZeA79r2MW2tHAZKlAVfoNE8esm3p+O6VkIvpj6w==",
      "license": "ISC",
      "peerDependencies": {
        "react": "^16.5.1 || ^17.0.0 || ^18.0.0 || ^19.0.0"
      }
    },
    "node_modules/react": {
      "version": "19.1.0",
      "resolved": "https://registry.npmjs.org/react/-/react-19.1.0.tgz",
      "integrity": "sha512-FS+XFBNvn3GTAWq26joslQgWNoFu08F4kl0J4CgdNKADkdSGXQyTCnKteIAJy96Br6YbpEU1LSzV5dYtjMkMDg==",
      "license": "MIT",
      "peer": true,
      "engines": {
        "node": ">=0.10.0"
      }
    },
    "node_modules/tailwindcss": {
      "version": "4.1.4",
      "resolved": "https://registry.npmjs.org/tailwindcss/-/tailwindcss-4.1.4.tgz",
      "integrity": "sha512-1ZIUqtPITFbv/DxRmDr5/agPqJwF69d24m9qmM1939TJehgY539CtzeZRjbLt5G6fSy/7YqqYsfvoTEw9xUI2A==",
      "dev": true,
      "license": "MIT"
    }
  }
}
